{
  "object": {
    "pins": [
      {
        "package": "BoxSDK",
        "repositoryURL": "https://github.com/box/box-ios-sdk.git",
        "state": {
          "branch": null,
          "revision": "a1da0cbb6727c0250a6a8c2eff673a2a1d9dc3c2",
          "version": "4.2.0"
        }
      }
    ]
  },
  "version": 1
}
